// !$*UTF8*$!
{
	archiveVersion = 1;
	classes = {
	};
	objectVersion = 56;
	objects = {

/* Begin PBXBuildFile section */
		D2B901A02CBF5E2600C5D86A /* WelcomeView.swift in Sources */ = {isa = PBXBuildFile; fileRef = D2B9019F2CBF5E2600C5D86A /* WelcomeView.swift */; };
		F22BE3B72CBDC09B008E62DA /* ZeroTraceApp.swift in Sources */ = {isa = PBXBuildFile; fileRef = F22BE3B62CBDC09B008E62DA /* ZeroTraceApp.swift */; };
		F22BE3B92CBDC09B008E62DA /* ContentView.swift in Sources */ = {isa = PBXBuildFile; fileRef = F22BE3B82CBDC09B008E62DA /* ContentView.swift */; };
		F22BE3BB2CBDC09D008E62DA /* Assets.xcassets in Resources */ = {isa = PBXBuildFile; fileRef = F22BE3BA2CBDC09D008E62DA /* Assets.xcassets */; };
		F22BE3BE2CBDC09D008E62DA /* Preview Assets.xcassets in Resources */ = {isa = PBXBuildFile; fileRef = F22BE3BD2CBDC09D008E62DA /* Preview Assets.xcassets */; };
		F22BE3C52CBDC105008E62DA /* HomeView.swift in Sources */ = {isa = PBXBuildFile; fileRef = F22BE3C42CBDC105008E62DA /* HomeView.swift */; };
		F22BE3C72CBDC13A008E62DA /* PredictionView.swift in Sources */ = {isa = PBXBuildFile; fileRef = F22BE3C62CBDC13A008E62DA /* PredictionView.swift */; };
		F22BE3C92CBDC156008E62DA /* SettingsView.swift in Sources */ = {isa = PBXBuildFile; fileRef = F22BE3C82CBDC156008E62DA /* SettingsView.swift */; };
/* End PBXBuildFile section */

/* Begin PBXFileReference section */
		D2B9019F2CBF5E2600C5D86A /* WelcomeView.swift */ = {isa = PBXFileReference; lastKnownFileType = sourcecode.swift; path = WelcomeView.swift; sourceTree = "<group>"; };
		F22BE3B32CBDC09B008E62DA /* ZeroTrace.app */ = {isa = PBXFileReference; explicitFileType = wrapper.application; includeInIndex = 0; path = ZeroTrace.app; sourceTree = BUILT_PRODUCTS_DIR; };
		F22BE3B62CBDC09B008E62DA /* ZeroTraceApp.swift */ = {isa = PBXFileReference; lastKnownFileType = sourcecode.swift; path = ZeroTraceApp.swift; sourceTree = "<group>"; };
		F22BE3B82CBDC09B008E62DA /* ContentView.swift */ = {isa = PBXFileReference; lastKnownFileType = sourcecode.swift; path = ContentView.swift; sourceTree = "<group>"; };
		F22BE3BA2CBDC09D008E62DA /* Assets.xcassets */ = {isa = PBXFileReference; lastKnownFileType = folder.assetcatalog; path = Assets.xcassets; sourceTree = "<group>"; };
		F22BE3BD2CBDC09D008E62DA /* Preview Assets.xcassets */ = {isa = PBXFileReference; lastKnownFileType = folder.assetcatalog; path = "Preview Assets.xcassets"; sourceTree = "<group>"; };
		F22BE3C42CBDC105008E62DA /* HomeView.swift */ = {isa = PBXFileReference; lastKnownFileType = sourcecode.swift; path = HomeView.swift; sourceTree = "<group>"; };
		F22BE3C62CBDC13A008E62DA /* PredictionView.swift */ = {isa = PBXFileReference; lastKnownFileType = sourcecode.swift; path = PredictionView.swift; sourceTree = "<group>"; };
		F22BE3C82CBDC156008E62DA /* SettingsView.swift */ = {isa = PBXFileReference; lastKnownFileType = sourcecode.swift; path = SettingsView.swift; sourceTree = "<group>"; };
/* End PBXFileReference section */

/* Begin PBXFrameworksBuildPhase section */
		F22BE3B02CBDC09B008E62DA /* Frameworks */ = {
			isa = PBXFrameworksBuildPhase;
			buildActionMask = 2147483647;
			files = (
			);
			runOnlyForDeploymentPostprocessing = 0;
		};
/* End PBXFrameworksBuildPhase section */

/* Begin PBXGroup section */
		F22BE3AA2CBDC09B008E62DA = {
			isa = PBXGroup;
			children = (
				F22BE3B52CBDC09B008E62DA /* ZeroTrace */,
				F22BE3B42CBDC09B008E62DA /* Products */,
			);
			sourceTree = "<group>";
		};
		F22BE3B42CBDC09B008E62DA /* Products */ = {
			isa = PBXGroup;
			children = (
				F22BE3B32CBDC09B008E62DA /* ZeroTrace.app */,
			);
			name = Products;
			sourceTree = "<group>";
		};
		F22BE3B52CBDC09B008E62DA /* ZeroTrace */ = {
			isa = PBXGroup;
			children = (
				F22BE3B62CBDC09B008E62DA /* ZeroTraceApp.swift */,
				D2B9019F2CBF5E2600C5D86A /* WelcomeView.swift */,
				F22BE3B82CBDC09B008E62DA /* ContentView.swift */,
				F22BE3C42CBDC105008E62DA /* HomeView.swift */,
				F22BE3C62CBDC13A008E62DA /* PredictionView.swift */,
				F22BE3C82CBDC156008E62DA /* SettingsView.swift */,
				F22BE3BA2CBDC09D008E62DA /* Assets.xcassets */,
				F22BE3BC2CBDC09D008E62DA /* Preview Content */,
			);
			path = ZeroTrace;
			sourceTree = "<group>";
		};
		F22BE3BC2CBDC09D008E62DA /* Preview Content */ = {
			isa = PBXGroup;
			children = (
				F22BE3BD2CBDC09D008E62DA /* Preview Assets.xcassets */,
			);
			path = "Preview Content";
			sourceTree = "<group>";
		};
/* End PBXGroup section */

/* Begin PBXNativeTarget section */
		F22BE3B22CBDC09B008E62DA /* ZeroTrace */ = {
			isa = PBXNativeTarget;
			buildConfigurationList = F22BE3C12CBDC09D008E62DA /* Build configuration list for PBXNativeTarget "ZeroTrace" */;
			buildPhases = (
				F22BE3AF2CBDC09B008E62DA /* Sources */,
				F22BE3B02CBDC09B008E62DA /* Frameworks */,
				F22BE3B12CBDC09B008E62DA /* Resources */,
			);
			buildRules = (
			);
			dependencies = (
			);
			name = ZeroTrace;
			productName = ZeroTrace;
			productReference = F22BE3B32CBDC09B008E62DA /* ZeroTrace.app */;
			productType = "com.apple.product-type.application";
		};
/* End PBXNativeTarget section */

/* Begin PBXProject section */
		F22BE3AB2CBDC09B008E62DA /* Project object */ = {
			isa = PBXProject;
			attributes = {
				BuildIndependentTargetsInParallel = 1;
				LastSwiftUpdateCheck = 1540;
				LastUpgradeCheck = 1540;
				TargetAttributes = {
					F22BE3B22CBDC09B008E62DA = {
						CreatedOnToolsVersion = 15.4;
					};
				};
			};
			buildConfigurationList = F22BE3AE2CBDC09B008E62DA /* Build configuration list for PBXProject "ZeroTrace" */;
			compatibilityVersion = "Xcode 14.0";
			developmentRegion = en;
			hasScannedForEncodings = 0;
			knownRegions = (
				en,
				Base,
			);
			mainGroup = F22BE3AA2CBDC09B008E62DA;
			productRefGroup = F22BE3B42CBDC09B008E62DA /* Products */;
			projectDirPath = "";
			projectRoot = "";
			targets = (
				F22BE3B22CBDC09B008E62DA /* ZeroTrace */,
			);
		};
/* End PBXProject section */

/* Begin PBXResourcesBuildPhase section */
		F22BE3B12CBDC09B008E62DA /* Resources */ = {
			isa = PBXResourcesBuildPhase;
			buildActionMask = 2147483647;
			files = (
				F22BE3BE2CBDC09D008E62DA /* Preview Assets.xcassets in Resources */,
				F22BE3BB2CBDC09D008E62DA /* Assets.xcassets in Resources */,
			);
			runOnlyForDeploymentPostprocessing = 0;
		};
/* End PBXResourcesBuildPhase section */

/* Begin PBXSourcesBuildPhase section */
		F22BE3AF2CBDC09B008E62DA /* Sources */ = {
			isa = PBXSourcesBuildPhase;
			buildActionMask = 2147483647;
			files = (
				F22BE3C92CBDC156008E62DA /* SettingsView.swift in Sources */,
				D2B901A02CBF5E2600C5D86A /* WelcomeView.swift in Sources */,
				F22BE3B92CBDC09B008E62DA /* ContentView.swift in Sources */,
				F22BE3B72CBDC09B008E62DA /* ZeroTraceApp.swift in Sources */,
				F22BE3C52CBDC105008E62DA /* HomeView.swift in Sources */,
				F22BE3C72CBDC13A008E62DA /* PredictionView.swift in Sources */,
			);
			runOnlyForDeploymentPostprocessing = 0;
		};
/* End PBXSourcesBuildPhase section */

/* Begin XCBuildConfiguration section */
		F22BE3BF2CBDC09D008E62DA /* Debug */ = {
			isa = XCBuildConfiguration;
			buildSettings = {
				ALWAYS_SEARCH_USER_PATHS = NO;
				ASSETCATALOG_COMPILER_GENERATE_SWIFT_ASSET_SYMBOL_EXTENSIONS = YES;
				CLANG_ANALYZER_NONNULL = YES;
				CLANG_ANALYZER_NUMBER_OBJECT_CONVERSION = YES_AGGRESSIVE;
				CLANG_CXX_LANGUAGE_STANDARD = "gnu++20";
				CLANG_ENABLE_MODULES = YES;
				CLANG_ENABLE_OBJC_ARC = YES;
				CLANG_ENABLE_OBJC_WEAK = YES;
				CLANG_WARN_BLOCK_CAPTURE_AUTORELEASING = YES;
				CLANG_WARN_BOOL_CONVERSION = YES;
				CLANG_WARN_COMMA = YES;
				CLANG_WARN_CONSTANT_CONVERSION = YES;
				CLANG_WARN_DEPRECATED_OBJC_IMPLEMENTATIONS = YES;
				CLANG_WARN_DIRECT_OBJC_ISA_USAGE = YES_ERROR;
				CLANG_WARN_DOCUMENTATION_COMMENTS = YES;
				CLANG_WARN_EMPTY_BODY = YES;
				CLANG_WARN_ENUM_CONVERSION = YES;
				CLANG_WARN_INFINITE_RECURSION = YES;
				CLANG_WARN_INT_CONVERSION = YES;
				CLANG_WARN_NON_LITERAL_NULL_CONVERSION = YES;
				CLANG_WARN_OBJC_IMPLICIT_RETAIN_SELF = YES;
				CLANG_WARN_OBJC_LITERAL_CONVERSION = YES;
				CLANG_WARN_OBJC_ROOT_CLASS = YES_ERROR;
				CLANG_WARN_QUOTED_INCLUDE_IN_FRAMEWORK_HEADER = YES;
				CLANG_WARN_RANGE_LOOP_ANALYSIS = YES;
				CLANG_WARN_STRICT_PROTOTYPES = YES;
				CLANG_WARN_SUSPICIOUS_MOVE = YES;
				CLANG_WARN_UNGUARDED_AVAILABILITY = YES_AGGRESSIVE;
				CLANG_WARN_UNREACHABLE_CODE = YES;
				CLANG_WARN__DUPLICATE_METHOD_MATCH = YES;
				COPY_PHASE_STRIP = NO;
				DEBUG_INFORMATION_FORMAT = dwarf;
				ENABLE_STRICT_OBJC_MSGSEND = YES;
				ENABLE_TESTABILITY = YES;
				ENABLE_USER_SCRIPT_SANDBOXING = YES;
				GCC_C_LANGUAGE_STANDARD = gnu17;
				GCC_DYNAMIC_NO_PIC = NO;
				GCC_NO_COMMON_BLOCKS = YES;
				GCC_OPTIMIZATION_LEVEL = 0;
				GCC_PREPROCESSOR_DEFINITIONS = (
					"DEBUG=1",
					"$(inherited)",
				);
				GCC_WARN_64_TO_32_BIT_CONVERSION = YES;
				GCC_WARN_ABOUT_RETURN_TYPE = YES_ERROR;
				GCC_WARN_UNDECLARED_SELECTOR = YES;
				GCC_WARN_UNINITIALIZED_AUTOS = YES_AGGRESSIVE;
				GCC_WARN_UNUSED_FUNCTION = YES;
				GCC_WARN_UNUSED_VARIABLE = YES;
				IPHONEOS_DEPLOYMENT_TARGET = 17.5;
				LOCALIZATION_PREFERS_STRING_CATALOGS = YES;
				MTL_ENABLE_DEBUG_INFO = INCLUDE_SOURCE;
				MTL_FAST_MATH = YES;
				ONLY_ACTIVE_ARCH = YES;
				SDKROOT = iphoneos;
				SWIFT_ACTIVE_COMPILATION_CONDITIONS = "DEBUG $(inherited)";
				SWIFT_OPTIMIZATION_LEVEL = "-Onone";
			};
			name = Debug;
		};
		F22BE3C02CBDC09D008E62DA /* Release */ = {
			isa = XCBuildConfiguration;
			buildSettings = {
				ALWAYS_SEARCH_USER_PATHS = NO;
				ASSETCATALOG_COMPILER_GENERATE_SWIFT_ASSET_SYMBOL_EXTENSIONS = YES;
				CLANG_ANALYZER_NONNULL = YES;
				CLANG_ANALYZER_NUMBER_OBJECT_CONVERSION = YES_AGGRESSIVE;
				CLANG_CXX_LANGUAGE_STANDARD = "gnu++20";
				CLANG_ENABLE_MODULES = YES;
				CLANG_ENABLE_OBJC_ARC = YES;
				CLANG_ENABLE_OBJC_WEAK = YES;
				CLANG_WARN_BLOCK_CAPTURE_AUTORELEASING = YES;
				CLANG_WARN_BOOL_CONVERSION = YES;
				CLANG_WARN_COMMA = YES;
				CLANG_WARN_CONSTANT_CONVERSION = YES;
				CLANG_WARN_DEPRECATED_OBJC_IMPLEMENTATIONS = YES;
				CLANG_WARN_DIRECT_OBJC_ISA_USAGE = YES_ERROR;
				CLANG_WARN_DOCUMENTATION_COMMENTS = YES;
				CLANG_WARN_EMPTY_BODY = YES;
				CLANG_WARN_ENUM_CONVERSION = YES;
				CLANG_WARN_INFINITE_RECURSION = YES;
				CLANG_WARN_INT_CONVERSION = YES;
				CLANG_WARN_NON_LITERAL_NULL_CONVERSION = YES;
				CLANG_WARN_OBJC_IMPLICIT_RETAIN_SELF = YES;
				CLANG_WARN_OBJC_LITERAL_CONVERSION = YES;
				CLANG_WARN_OBJC_ROOT_CLASS = YES_ERROR;
				CLANG_WARN_QUOTED_INCLUDE_IN_FRAMEWORK_HEADER = YES;
				CLANG_WARN_RANGE_LOOP_ANALYSIS = YES;
				CLANG_WARN_STRICT_PROTOTYPES = YES;
				CLANG_WARN_SUSPICIOUS_MOVE = YES;
				CLANG_WARN_UNGUARDED_AVAILABILITY = YES_AGGRESSIVE;
				CLANG_WARN_UNREACHABLE_CODE = YES;
				CLANG_WARN__DUPLICATE_METHOD_MATCH = YES;
				COPY_PHASE_STRIP = NO;
				DEBUG_INFORMATION_FORMAT = "dwarf-with-dsym";
				ENABLE_NS_ASSERTIONS = NO;
				ENABLE_STRICT_OBJC_MSGSEND = YES;
				ENABLE_USER_SCRIPT_SANDBOXING = YES;
				GCC_C_LANGUAGE_STANDARD = gnu17;
				GCC_NO_COMMON_BLOCKS = YES;
				GCC_WARN_64_TO_32_BIT_CONVERSION = YES;
				GCC_WARN_ABOUT_RETURN_TYPE = YES_ERROR;
				GCC_WARN_UNDECLARED_SELECTOR = YES;
				GCC_WARN_UNINITIALIZED_AUTOS = YES_AGGRESSIVE;
				GCC_WARN_UNUSED_FUNCTION = YES;
				GCC_WARN_UNUSED_VARIABLE = YES;
				IPHONEOS_DEPLOYMENT_TARGET = 17.5;
				LOCALIZATION_PREFERS_STRING_CATALOGS = YES;
				MTL_ENABLE_DEBUG_INFO = NO;
				MTL_FAST_MATH = YES;
				SDKROOT = iphoneos;
				SWIFT_COMPILATION_MODE = wholemodule;
				VALIDATE_PRODUCT = YES;
			};
			name = Release;
		};
		F22BE3C22CBDC09D008E62DA /* Debug */ = {
			isa = XCBuildConfiguration;
			buildSettings = {
				ASSETCATALOG_COMPILER_APPICON_NAME = AppIcon;
				ASSETCATALOG_COMPILER_GLOBAL_ACCENT_COLOR_NAME = AccentColor;
				CODE_SIGN_STYLE = Automatic;
				CURRENT_PROJECT_VERSION = 1;
				DEVELOPMENT_ASSET_PATHS = "\"ZeroTrace/Preview Content\"";
				DEVELOPMENT_TEAM = 43R5GX99UB;
				ENABLE_PREVIEWS = YES;
				GENERATE_INFOPLIST_FILE = YES;
				INFOPLIST_KEY_UIApplicationSceneManifest_Generation = YES;
				INFOPLIST_KEY_UIApplicationSupportsIndirectInputEvents = YES;
				INFOPLIST_KEY_UILaunchScreen_Generation = YES;
				INFOPLIST_KEY_UISupportedInterfaceOrientations_iPad = "UIInterfaceOrientationPortrait UIInterfaceOrientationPortraitUpsideDown UIInterfaceOrientationLandscapeLeft UIInterfaceOrientationLandscapeRight";
				INFOPLIST_KEY_UISupportedInterfaceOrientations_iPhone = "UIInterfaceOrientationPortrait UIInterfaceOrientationLandscapeLeft UIInterfaceOrientationLandscapeRight";
				LD_RUNPATH_SEARCH_PATHS = (
					"$(inherited)",
					"@executable_path/Frameworks",
				);
				MARKETING_VERSION = 1.0;
				PRODUCT_BUNDLE_IDENTIFIER = "ZeroTrace-Team.ZeroTrace";
				PRODUCT_NAME = "$(TARGET_NAME)";
				SWIFT_EMIT_LOC_STRINGS = YES;
				SWIFT_VERSION = 5.0;
				TARGETED_DEVICE_FAMILY = "1,2";
			};
			name = Debug;
		};
		F22BE3C32CBDC09D008E62DA /* Release */ = {
			isa = XCBuildConfiguration;
			buildSettings = {
				ASSETCATALOG_COMPILER_APPICON_NAME = AppIcon;
				ASSETCATALOG_COMPILER_GLOBAL_ACCENT_COLOR_NAME = AccentColor;
				CODE_SIGN_STYLE = Automatic;
				CURRENT_PROJECT_VERSION = 1;
				DEVELOPMENT_ASSET_PATHS = "\"ZeroTrace/Preview Content\"";
				DEVELOPMENT_TEAM = 43R5GX99UB;
				ENABLE_PREVIEWS = YES;
				GENERATE_INFOPLIST_FILE = YES;
				INFOPLIST_KEY_UIApplicationSceneManifest_Generation = YES;
				INFOPLIST_KEY_UIApplicationSupportsIndirectInputEvents = YES;
				INFOPLIST_KEY_UILaunchScreen_Generation = YES;
				INFOPLIST_KEY_UISupportedInterfaceOrientations_iPad = "UIInterfaceOrientationPortrait UIInterfaceOrientationPortraitUpsideDown UIInterfaceOrientationLandscapeLeft UIInterfaceOrientationLandscapeRight";
				INFOPLIST_KEY_UISupportedInterfaceOrientations_iPhone = "UIInterfaceOrientationPortrait UIInterfaceOrientationLandscapeLeft UIInterfaceOrientationLandscapeRight";
				LD_RUNPATH_SEARCH_PATHS = (
					"$(inherited)",
					"@executable_path/Frameworks",
				);
				MARKETING_VERSION = 1.0;
				PRODUCT_BUNDLE_IDENTIFIER = "ZeroTrace-Team.ZeroTrace";
				PRODUCT_NAME = "$(TARGET_NAME)";
				SWIFT_EMIT_LOC_STRINGS = YES;
				SWIFT_VERSION = 5.0;
				TARGETED_DEVICE_FAMILY = "1,2";
			};
			name = Release;
		};
/* End XCBuildConfiguration section */

/* Begin XCConfigurationList section */
		F22BE3AE2CBDC09B008E62DA /* Build configuration list for PBXProject "ZeroTrace" */ = {
			isa = XCConfigurationList;
			buildConfigurations = (
				F22BE3BF2CBDC09D008E62DA /* Debug */,
				F22BE3C02CBDC09D008E62DA /* Release */,
			);
			defaultConfigurationIsVisible = 0;
			defaultConfigurationName = Release;
		};
		F22BE3C12CBDC09D008E62DA /* Build configuration list for PBXNativeTarget "ZeroTrace" */ = {
			isa = XCConfigurationList;
			buildConfigurations = (
				F22BE3C22CBDC09D008E62DA /* Debug */,
				F22BE3C32CBDC09D008E62DA /* Release */,
			);
			defaultConfigurationIsVisible = 0;
			defaultConfigurationName = Release;
		};
/* End XCConfigurationList section */
	};
	rootObject = F22BE3AB2CBDC09B008E62DA /* Project object */;
}
